
Microsoft Visual Studio Solution File, Format Version 12.00
# Visual Studio Version 17
VisualStudioVersion = 17.0.31903.59
MinimumVisualStudioVersion = 10.0.40219.1
Project("{FAE04EC0-301F-11D3-BF4B-00C04F79EFBC}") = "fmassman.Extractor", "fmassman.Extractor\fmassman.Extractor.csproj", "{B8F1BFA7-4BE2-49AE-B65E-3D2186EF3712}"
EndProject
Project("{FAE04EC0-301F-11D3-BF4B-00C04F79EFBC}") = "fmassman.Tests", "fmassman.Tests\fmassman.Tests.csproj", "{F4403C4B-05C6-4D31-9D26-58AC5E987FB1}"
EndProject
Project("{FAE04EC0-301F-11D3-BF4B-00C04F79EFBC}") = "fmassman.Shared", "fmassman.Shared\fmassman.Shared.csproj", "{B8309985-8D7E-4776-8B4C-7CD01ACD1B92}"
EndProject
Project("{FAE04EC0-301F-11D3-BF4B-00C04F79EFBC}") = "fmassman.Web", "fmassman.Web\fmassman.Web.csproj", "{F008B820-FBB0-4E2B-BA2D-31D7438FBAEC}"
EndProject
Project("{FAE04EC0-301F-11D3-BF4B-00C04F79EFBC}") = "fmassman.Client", "fmassman.Client\fmassman.Client.csproj", "{7495DD65-58DB-4495-BD59-2479271B907A}"
EndProject
Project("{FAE04EC0-301F-11D3-BF4B-00C04F79EFBC}") = "fmassman.Api", "fmassman.Api\fmassman.Api.csproj", "{6C9B22E3-54BF-48DA-A2A1-9A3D555E7366}"
EndProject
Global
	GlobalSection(SolutionConfigurationPlatforms) = preSolution
		Debug|Any CPU = Debug|Any CPU
		Release|Any CPU = Release|Any CPU
	EndGlobalSection
	GlobalSection(SolutionProperties) = preSolution
		HideSolutionNode = FALSE
	EndGlobalSection
	GlobalSection(ProjectConfigurationPlatforms) = postSolution
		{B8F1BFA7-4BE2-49AE-B65E-3D2186EF3712}.Debug|Any CPU.ActiveCfg = Debug|Any CPU
		{B8F1BFA7-4BE2-49AE-B65E-3D2186EF3712}.Debug|Any CPU.Build.0 = Debug|Any CPU
		{B8F1BFA7-4BE2-49AE-B65E-3D2186EF3712}.Release|Any CPU.ActiveCfg = Release|Any CPU
		{B8F1BFA7-4BE2-49AE-B65E-3D2186EF3712}.Release|Any CPU.Build.0 = Release|Any CPU
		{F4403C4B-05C6-4D31-9D26-58AC5E987FB1}.Debug|Any CPU.ActiveCfg = Debug|Any CPU
		{F4403C4B-05C6-4D31-9D26-58AC5E987FB1}.Debug|Any CPU.Build.0 = Debug|Any CPU
		{F4403C4B-05C6-4D31-9D26-58AC5E987FB1}.Release|Any CPU.ActiveCfg = Release|Any CPU
		{F4403C4B-05C6-4D31-9D26-58AC5E987FB1}.Release|Any CPU.Build.0 = Release|Any CPU
		{B8309985-8D7E-4776-8B4C-7CD01ACD1B92}.Debug|Any CPU.ActiveCfg = Debug|Any CPU
		{B8309985-8D7E-4776-8B4C-7CD01ACD1B92}.Debug|Any CPU.Build.0 = Debug|Any CPU
		{B8309985-8D7E-4776-8B4C-7CD01ACD1B92}.Release|Any CPU.ActiveCfg = Release|Any CPU
		{B8309985-8D7E-4776-8B4C-7CD01ACD1B92}.Release|Any CPU.Build.0 = Release|Any CPU
		{F008B820-FBB0-4E2B-BA2D-31D7438FBAEC}.Debug|Any CPU.ActiveCfg = Debug|Any CPU
		{F008B820-FBB0-4E2B-BA2D-31D7438FBAEC}.Debug|Any CPU.Build.0 = Debug|Any CPU
		{F008B820-FBB0-4E2B-BA2D-31D7438FBAEC}.Release|Any CPU.ActiveCfg = Release|Any CPU
		{F008B820-FBB0-4E2B-BA2D-31D7438FBAEC}.Release|Any CPU.Build.0 = Release|Any CPU
		{7495DD65-58DB-4495-BD59-2479271B907A}.Debug|Any CPU.ActiveCfg = Debug|Any CPU
		{7495DD65-58DB-4495-BD59-2479271B907A}.Debug|Any CPU.Build.0 = Debug|Any CPU
		{7495DD65-58DB-4495-BD59-2479271B907A}.Release|Any CPU.ActiveCfg = Release|Any CPU
		{7495DD65-58DB-4495-BD59-2479271B907A}.Release|Any CPU.Build.0 = Release|Any CPU
		{6C9B22E3-54BF-48DA-A2A1-9A3D555E7366}.Debug|Any CPU.ActiveCfg = Debug|Any CPU
		{6C9B22E3-54BF-48DA-A2A1-9A3D555E7366}.Debug|Any CPU.Build.0 = Debug|Any CPU
		{6C9B22E3-54BF-48DA-A2A1-9A3D555E7366}.Release|Any CPU.ActiveCfg = Release|Any CPU
		{6C9B22E3-54BF-48DA-A2A1-9A3D555E7366}.Release|Any CPU.Build.0 = Release|Any CPU
	EndGlobalSection
EndGlobal
